
Microsoft Visual Studio Solution File, Format Version 12.00
# Visual Studio Version 17
VisualStudioVersion = 17.0.32112.339
MinimumVisualStudioVersion = 10.0.40219.1
Project("{FAE04EC0-301F-11D3-BF4B-00C04F79EFBC}") = "CORSImplementation", "CORSImplementation\CORSImplementation.csproj", "{5A839DC5-BABC-4BB2-B2FF-9682C27E1AD8}"
EndProject
Project("{2150E333-8FDC-42A3-9474-1A3956D46DE8}") = "Solution Items", "Solution Items", "{F5A28190-B336-47A3-8A9F-E535C9A613BF}"
	ProjectSection(SolutionItems) = preProject
		readme.MD = readme.MD
	EndProjectSection
EndProject
Global
	GlobalSection(SolutionConfigurationPlatforms) = preSolution
		Debug|Any CPU = Debug|Any CPU
		Release|Any CPU = Release|Any CPU
	EndGlobalSection
	GlobalSection(ProjectConfigurationPlatforms) = postSolution
		{5A839DC5-BABC-4BB2-B2FF-9682C27E1AD8}.Debug|Any CPU.ActiveCfg = Debug|Any CPU
		{5A839DC5-BABC-4BB2-B2FF-9682C27E1AD8}.Debug|Any CPU.Build.0 = Debug|Any CPU
		{5A839DC5-BABC-4BB2-B2FF-9682C27E1AD8}.Release|Any CPU.ActiveCfg = Release|Any CPU
		{5A839DC5-BABC-4BB2-B2FF-9682C27E1AD8}.Release|Any CPU.Build.0 = Release|Any CPU
	EndGlobalSection
	GlobalSection(SolutionProperties) = preSolution
		HideSolutionNode = FALSE
	EndGlobalSection
	GlobalSection(ExtensibilityGlobals) = postSolution
		SolutionGuid = {28F499CF-59ED-4B36-B3CA-7292A329538B}
	EndGlobalSection
EndGlobal
